// !$*UTF8*$!
{
	archiveVersion = 1;
	classes = {
	};
	objectVersion = 55;
	objects = {

/* Begin PBXBuildFile section */
		C77DA6C1276283F900319E0F /* MovieDetailsView.swift in Sources */ = {isa = PBXBuildFile; fileRef = C77DA6C0276283F900319E0F /* MovieDetailsView.swift */; };
		C77DA6C3276286E200319E0F /* MovieEditView.swift in Sources */ = {isa = PBXBuildFile; fileRef = C77DA6C2276286E200319E0F /* MovieEditView.swift */; };
		C7F3E4B1276154D2009B0440 /* CRUDApp.swift in Sources */ = {isa = PBXBuildFile; fileRef = C7F3E4B0276154D2009B0440 /* CRUDApp.swift */; };
		C7F3E4B3276154D2009B0440 /* ContentView.swift in Sources */ = {isa = PBXBuildFile; fileRef = C7F3E4B2276154D2009B0440 /* ContentView.swift */; };
		C7F3E4B5276154D5009B0440 /* Assets.xcassets in Resources */ = {isa = PBXBuildFile; fileRef = C7F3E4B4276154D5009B0440 /* Assets.xcassets */; };
		C7F3E4B8276154D5009B0440 /* Preview Assets.xcassets in Resources */ = {isa = PBXBuildFile; fileRef = C7F3E4B7276154D5009B0440 /* Preview Assets.xcassets */; };
		C7F3E4BF2761552E009B0440 /* GoogleService-Info.plist in Resources */ = {isa = PBXBuildFile; fileRef = C7F3E4BE2761552E009B0440 /* GoogleService-Info.plist */; };
		C7F3E4C2276155CE009B0440 /* FirebaseFirestore in Frameworks */ = {isa = PBXBuildFile; productRef = C7F3E4C1276155CE009B0440 /* FirebaseFirestore */; };
		C7F3E4C4276155CE009B0440 /* FirebaseFirestoreSwift-Beta in Frameworks */ = {isa = PBXBuildFile; productRef = C7F3E4C3276155CE009B0440 /* FirebaseFirestoreSwift-Beta */; };
		C7F3E4C92761570D009B0440 /* Movie.swift in Sources */ = {isa = PBXBuildFile; fileRef = C7F3E4C82761570D009B0440 /* Movie.swift */; };
		C7F3E4CB27615814009B0440 /* MoviesViewModel.swift in Sources */ = {isa = PBXBuildFile; fileRef = C7F3E4CA27615814009B0440 /* MoviesViewModel.swift */; };
/* End PBXBuildFile section */

/* Begin PBXFileReference section */
		C77DA6C0276283F900319E0F /* MovieDetailsView.swift */ = {isa = PBXFileReference; lastKnownFileType = sourcecode.swift; path = MovieDetailsView.swift; sourceTree = "<group>"; };
		C77DA6C2276286E200319E0F /* MovieEditView.swift */ = {isa = PBXFileReference; lastKnownFileType = sourcecode.swift; path = MovieEditView.swift; sourceTree = "<group>"; };
		C7F3E4AD276154D2009B0440 /* CRUD.app */ = {isa = PBXFileReference; explicitFileType = wrapper.application; includeInIndex = 0; path = CRUD.app; sourceTree = BUILT_PRODUCTS_DIR; };
		C7F3E4B0276154D2009B0440 /* CRUDApp.swift */ = {isa = PBXFileReference; lastKnownFileType = sourcecode.swift; path = CRUDApp.swift; sourceTree = "<group>"; };
		C7F3E4B2276154D2009B0440 /* ContentView.swift */ = {isa = PBXFileReference; lastKnownFileType = sourcecode.swift; path = ContentView.swift; sourceTree = "<group>"; };
		C7F3E4B4276154D5009B0440 /* Assets.xcassets */ = {isa = PBXFileReference; lastKnownFileType = folder.assetcatalog; path = Assets.xcassets; sourceTree = "<group>"; };
		C7F3E4B7276154D5009B0440 /* Preview Assets.xcassets */ = {isa = PBXFileReference; lastKnownFileType = folder.assetcatalog; path = "Preview Assets.xcassets"; sourceTree = "<group>"; };
		C7F3E4BE2761552E009B0440 /* GoogleService-Info.plist */ = {isa = PBXFileReference; fileEncoding = 4; lastKnownFileType = text.plist.xml; path = "GoogleService-Info.plist"; sourceTree = "<group>"; };
		C7F3E4C82761570D009B0440 /* Movie.swift */ = {isa = PBXFileReference; lastKnownFileType = sourcecode.swift; path = Movie.swift; sourceTree = "<group>"; };
		C7F3E4CA27615814009B0440 /* MoviesViewModel.swift */ = {isa = PBXFileReference; lastKnownFileType = sourcecode.swift; path = MoviesViewModel.swift; sourceTree = "<group>"; };
/* End PBXFileReference section */

/* Begin PBXFrameworksBuildPhase section */
		C7F3E4AA276154D2009B0440 /* Frameworks */ = {
			isa = PBXFrameworksBuildPhase;
			buildActionMask = 2147483647;
			files = (
				C7F3E4C2276155CE009B0440 /* FirebaseFirestore in Frameworks */,
				C7F3E4C4276155CE009B0440 /* FirebaseFirestoreSwift-Beta in Frameworks */,
			);
			runOnlyForDeploymentPostprocessing = 0;
		};
/* End PBXFrameworksBuildPhase section */

/* Begin PBXGroup section */
		C7F3E4A4276154D2009B0440 = {
			isa = PBXGroup;
			children = (
				C7F3E4AF276154D2009B0440 /* CRUD */,
				C7F3E4AE276154D2009B0440 /* Products */,
			);
			sourceTree = "<group>";
		};
		C7F3E4AE276154D2009B0440 /* Products */ = {
			isa = PBXGroup;
			children = (
				C7F3E4AD276154D2009B0440 /* CRUD.app */,
			);
			name = Products;
			sourceTree = "<group>";
		};
		C7F3E4AF276154D2009B0440 /* CRUD */ = {
			isa = PBXGroup;
			children = (
				C7F3E4C7276156FE009B0440 /* ViewModel */,
				C7F3E4C6276156F7009B0440 /* View */,
				C7F3E4C5276156EE009B0440 /* Model */,
				C7F3E4BE2761552E009B0440 /* GoogleService-Info.plist */,
				C7F3E4B0276154D2009B0440 /* CRUDApp.swift */,
				C7F3E4B4276154D5009B0440 /* Assets.xcassets */,
				C7F3E4B6276154D5009B0440 /* Preview Content */,
			);
			path = CRUD;
			sourceTree = "<group>";
		};
		C7F3E4B6276154D5009B0440 /* Preview Content */ = {
			isa = PBXGroup;
			children = (
				C7F3E4B7276154D5009B0440 /* Preview Assets.xcassets */,
			);
			path = "Preview Content";
			sourceTree = "<group>";
		};
		C7F3E4C5276156EE009B0440 /* Model */ = {
			isa = PBXGroup;
			children = (
				C7F3E4C82761570D009B0440 /* Movie.swift */,
			);
			path = Model;
			sourceTree = "<group>";
		};
		C7F3E4C6276156F7009B0440 /* View */ = {
			isa = PBXGroup;
			children = (
				C7F3E4B2276154D2009B0440 /* ContentView.swift */,
				C77DA6C0276283F900319E0F /* MovieDetailsView.swift */,
				C77DA6C2276286E200319E0F /* MovieEditView.swift */,
			);
			path = View;
			sourceTree = "<group>";
		};
		C7F3E4C7276156FE009B0440 /* ViewModel */ = {
			isa = PBXGroup;
			children = (
				C7F3E4CA27615814009B0440 /* MoviesViewModel.swift */,
			);
			path = ViewModel;
			sourceTree = "<group>";
		};
/* End PBXGroup section */

/* Begin PBXNativeTarget section */
		C7F3E4AC276154D2009B0440 /* CRUD */ = {
			isa = PBXNativeTarget;
			buildConfigurationList = C7F3E4BB276154D5009B0440 /* Build configuration list for PBXNativeTarget "CRUD" */;
			buildPhases = (
				C7F3E4A9276154D2009B0440 /* Sources */,
				C7F3E4AA276154D2009B0440 /* Frameworks */,
				C7F3E4AB276154D2009B0440 /* Resources */,
			);
			buildRules = (
			);
			dependencies = (
			);
			name = CRUD;
			packageProductDependencies = (
				C7F3E4C1276155CE009B0440 /* FirebaseFirestore */,
				C7F3E4C3276155CE009B0440 /* FirebaseFirestoreSwift-Beta */,
			);
			productName = CRUD;
			productReference = C7F3E4AD276154D2009B0440 /* CRUD.app */;
			productType = "com.apple.product-type.application";
		};
/* End PBXNativeTarget section */

/* Begin PBXProject section */
		C7F3E4A5276154D2009B0440 /* Project object */ = {
			isa = PBXProject;
			attributes = {
				BuildIndependentTargetsInParallel = 1;
				LastSwiftUpdateCheck = 1310;
				LastUpgradeCheck = 1310;
				TargetAttributes = {
					C7F3E4AC276154D2009B0440 = {
						CreatedOnToolsVersion = 13.1;
					};
				};
			};
			buildConfigurationList = C7F3E4A8276154D2009B0440 /* Build configuration list for PBXProject "CRUD" */;
			compatibilityVersion = "Xcode 13.0";
			developmentRegion = en;
			hasScannedForEncodings = 0;
			knownRegions = (
				en,
				Base,
			);
			mainGroup = C7F3E4A4276154D2009B0440;
			packageReferences = (
				C7F3E4C0276155CE009B0440 /* XCRemoteSwiftPackageReference "firebase-ios-sdk" */,
			);
			productRefGroup = C7F3E4AE276154D2009B0440 /* Products */;
			projectDirPath = "";
			projectRoot = "";
			targets = (
				C7F3E4AC276154D2009B0440 /* CRUD */,
			);
		};
/* End PBXProject section */

/* Begin PBXResourcesBuildPhase section */
		C7F3E4AB276154D2009B0440 /* Resources */ = {
			isa = PBXResourcesBuildPhase;
			buildActionMask = 2147483647;
			files = (
				C7F3E4B8276154D5009B0440 /* Preview Assets.xcassets in Resources */,
				C7F3E4B5276154D5009B0440 /* Assets.xcassets in Resources */,
				C7F3E4BF2761552E009B0440 /* GoogleService-Info.plist in Resources */,
			);
			runOnlyForDeploymentPostprocessing = 0;
		};
/* End PBXResourcesBuildPhase section */

/* Begin PBXSourcesBuildPhase section */
		C7F3E4A9276154D2009B0440 /* Sources */ = {
			isa = PBXSourcesBuildPhase;
			buildActionMask = 2147483647;
			files = (
				C7F3E4B3276154D2009B0440 /* ContentView.swift in Sources */,
				C7F3E4B1276154D2009B0440 /* CRUDApp.swift in Sources */,
				C7F3E4C92761570D009B0440 /* Movie.swift in Sources */,
				C77DA6C3276286E200319E0F /* MovieEditView.swift in Sources */,
				C7F3E4CB27615814009B0440 /* MoviesViewModel.swift in Sources */,
				C77DA6C1276283F900319E0F /* MovieDetailsView.swift in Sources */,
			);
			runOnlyForDeploymentPostprocessing = 0;
		};
/* End PBXSourcesBuildPhase section */

/* Begin XCBuildConfiguration section */
		C7F3E4B9276154D5009B0440 /* Debug */ = {
			isa = XCBuildConfiguration;
			buildSettings = {
				ALWAYS_SEARCH_USER_PATHS = NO;
				CLANG_ANALYZER_NONNULL = YES;
				CLANG_ANALYZER_NUMBER_OBJECT_CONVERSION = YES_AGGRESSIVE;
				CLANG_CXX_LANGUAGE_STANDARD = "gnu++17";
				CLANG_CXX_LIBRARY = "libc++";
				CLANG_ENABLE_MODULES = YES;
				CLANG_ENABLE_OBJC_ARC = YES;
				CLANG_ENABLE_OBJC_WEAK = YES;
				CLANG_WARN_BLOCK_CAPTURE_AUTORELEASING = YES;
				CLANG_WARN_BOOL_CONVERSION = YES;
				CLANG_WARN_COMMA = YES;
				CLANG_WARN_CONSTANT_CONVERSION = YES;
				CLANG_WARN_DEPRECATED_OBJC_IMPLEMENTATIONS = YES;
				CLANG_WARN_DIRECT_OBJC_ISA_USAGE = YES_ERROR;
				CLANG_WARN_DOCUMENTATION_COMMENTS = YES;
				CLANG_WARN_EMPTY_BODY = YES;
				CLANG_WARN_ENUM_CONVERSION = YES;
				CLANG_WARN_INFINITE_RECURSION = YES;
				CLANG_WARN_INT_CONVERSION = YES;
				CLANG_WARN_NON_LITERAL_NULL_CONVERSION = YES;
				CLANG_WARN_OBJC_IMPLICIT_RETAIN_SELF = YES;
				CLANG_WARN_OBJC_LITERAL_CONVERSION = YES;
				CLANG_WARN_OBJC_ROOT_CLASS = YES_ERROR;
				CLANG_WARN_QUOTED_INCLUDE_IN_FRAMEWORK_HEADER = YES;
				CLANG_WARN_RANGE_LOOP_ANALYSIS = YES;
				CLANG_WARN_STRICT_PROTOTYPES = YES;
				CLANG_WARN_SUSPICIOUS_MOVE = YES;
				CLANG_WARN_UNGUARDED_AVAILABILITY = YES_AGGRESSIVE;
				CLANG_WARN_UNREACHABLE_CODE = YES;
				CLANG_WARN__DUPLICATE_METHOD_MATCH = YES;
				COPY_PHASE_STRIP = NO;
				DEBUG_INFORMATION_FORMAT = dwarf;
				ENABLE_STRICT_OBJC_MSGSEND = YES;
				ENABLE_TESTABILITY = YES;
				GCC_C_LANGUAGE_STANDARD = gnu11;
				GCC_DYNAMIC_NO_PIC = NO;
				GCC_NO_COMMON_BLOCKS = YES;
				GCC_OPTIMIZATION_LEVEL = 0;
				GCC_PREPROCESSOR_DEFINITIONS = (
					"DEBUG=1",
					"$(inherited)",
				);
				GCC_WARN_64_TO_32_BIT_CONVERSION = YES;
				GCC_WARN_ABOUT_RETURN_TYPE = YES_ERROR;
				GCC_WARN_UNDECLARED_SELECTOR = YES;
				GCC_WARN_UNINITIALIZED_AUTOS = YES_AGGRESSIVE;
				GCC_WARN_UNUSED_FUNCTION = YES;
				GCC_WARN_UNUSED_VARIABLE = YES;
				IPHONEOS_DEPLOYMENT_TARGET = 15.0;
				MTL_ENABLE_DEBUG_INFO = INCLUDE_SOURCE;
				MTL_FAST_MATH = YES;
				ONLY_ACTIVE_ARCH = YES;
				SDKROOT = iphoneos;
				SWIFT_ACTIVE_COMPILATION_CONDITIONS = DEBUG;
				SWIFT_OPTIMIZATION_LEVEL = "-Onone";
			};
			name = Debug;
		};
		C7F3E4BA276154D5009B0440 /* Release */ = {
			isa = XCBuildConfiguration;
			buildSettings = {
				ALWAYS_SEARCH_USER_PATHS = NO;
				CLANG_ANALYZER_NONNULL = YES;
				CLANG_ANALYZER_NUMBER_OBJECT_CONVERSION = YES_AGGRESSIVE;
				CLANG_CXX_LANGUAGE_STANDARD = "gnu++17";
				CLANG_CXX_LIBRARY = "libc++";
				CLANG_ENABLE_MODULES = YES;
				CLANG_ENABLE_OBJC_ARC = YES;
				CLANG_ENABLE_OBJC_WEAK = YES;
				CLANG_WARN_BLOCK_CAPTURE_AUTORELEASING = YES;
				CLANG_WARN_BOOL_CONVERSION = YES;
				CLANG_WARN_COMMA = YES;
				CLANG_WARN_CONSTANT_CONVERSION = YES;
				CLANG_WARN_DEPRECATED_OBJC_IMPLEMENTATIONS = YES;
				CLANG_WARN_DIRECT_OBJC_ISA_USAGE = YES_ERROR;
				CLANG_WARN_DOCUMENTATION_COMMENTS = YES;
				CLANG_WARN_EMPTY_BODY = YES;
				CLANG_WARN_ENUM_CONVERSION = YES;
				CLANG_WARN_INFINITE_RECURSION = YES;
				CLANG_WARN_INT_CONVERSION = YES;
				CLANG_WARN_NON_LITERAL_NULL_CONVERSION = YES;
				CLANG_WARN_OBJC_IMPLICIT_RETAIN_SELF = YES;
				CLANG_WARN_OBJC_LITERAL_CONVERSION = YES;
				CLANG_WARN_OBJC_ROOT_CLASS = YES_ERROR;
				CLANG_WARN_QUOTED_INCLUDE_IN_FRAMEWORK_HEADER = YES;
				CLANG_WARN_RANGE_LOOP_ANALYSIS = YES;
				CLANG_WARN_STRICT_PROTOTYPES = YES;
				CLANG_WARN_SUSPICIOUS_MOVE = YES;
				CLANG_WARN_UNGUARDED_AVAILABILITY = YES_AGGRESSIVE;
				CLANG_WARN_UNREACHABLE_CODE = YES;
				CLANG_WARN__DUPLICATE_METHOD_MATCH = YES;
				COPY_PHASE_STRIP = NO;
				DEBUG_INFORMATION_FORMAT = "dwarf-with-dsym";
				ENABLE_NS_ASSERTIONS = NO;
				ENABLE_STRICT_OBJC_MSGSEND = YES;
				GCC_C_LANGUAGE_STANDARD = gnu11;
				GCC_NO_COMMON_BLOCKS = YES;
				GCC_WARN_64_TO_32_BIT_CONVERSION = YES;
				GCC_WARN_ABOUT_RETURN_TYPE = YES_ERROR;
				GCC_WARN_UNDECLARED_SELECTOR = YES;
				GCC_WARN_UNINITIALIZED_AUTOS = YES_AGGRESSIVE;
				GCC_WARN_UNUSED_FUNCTION = YES;
				GCC_WARN_UNUSED_VARIABLE = YES;
				IPHONEOS_DEPLOYMENT_TARGET = 15.0;
				MTL_ENABLE_DEBUG_INFO = NO;
				MTL_FAST_MATH = YES;
				SDKROOT = iphoneos;
				SWIFT_COMPILATION_MODE = wholemodule;
				SWIFT_OPTIMIZATION_LEVEL = "-O";
				VALIDATE_PRODUCT = YES;
			};
			name = Release;
		};
		C7F3E4BC276154D5009B0440 /* Debug */ = {
			isa = XCBuildConfiguration;
			buildSettings = {
				ASSETCATALOG_COMPILER_APPICON_NAME = AppIcon;
				ASSETCATALOG_COMPILER_GLOBAL_ACCENT_COLOR_NAME = AccentColor;
				CODE_SIGN_STYLE = Automatic;
				CURRENT_PROJECT_VERSION = 1;
				DEVELOPMENT_ASSET_PATHS = "\"CRUD/Preview Content\"";
				DEVELOPMENT_TEAM = RCCUBKLJRG;
				ENABLE_PREVIEWS = YES;
				GENERATE_INFOPLIST_FILE = YES;
				INFOPLIST_KEY_UIApplicationSceneManifest_Generation = YES;
				INFOPLIST_KEY_UIApplicationSupportsIndirectInputEvents = YES;
				INFOPLIST_KEY_UILaunchScreen_Generation = YES;
				INFOPLIST_KEY_UISupportedInterfaceOrientations_iPad = "UIInterfaceOrientationPortrait UIInterfaceOrientationPortraitUpsideDown UIInterfaceOrientationLandscapeLeft UIInterfaceOrientationLandscapeRight";
				INFOPLIST_KEY_UISupportedInterfaceOrientations_iPhone = "UIInterfaceOrientationPortrait UIInterfaceOrientationLandscapeLeft UIInterfaceOrientationLandscapeRight";
				LD_RUNPATH_SEARCH_PATHS = (
					"$(inherited)",
					"@executable_path/Frameworks",
				);
				MARKETING_VERSION = 1.0;
				PRODUCT_BUNDLE_IDENTIFIER = AbdulkhakimiOS.CRUD;
				PRODUCT_NAME = "$(TARGET_NAME)";
				SWIFT_EMIT_LOC_STRINGS = YES;
				SWIFT_VERSION = 5.0;
				TARGETED_DEVICE_FAMILY = "1,2";
			};
			name = Debug;
		};
		C7F3E4BD276154D5009B0440 /* Release */ = {
			isa = XCBuildConfiguration;
			buildSettings = {
				ASSETCATALOG_COMPILER_APPICON_NAME = AppIcon;
				ASSETCATALOG_COMPILER_GLOBAL_ACCENT_COLOR_NAME = AccentColor;
				CODE_SIGN_STYLE = Automatic;
				CURRENT_PROJECT_VERSION = 1;
				DEVELOPMENT_ASSET_PATHS = "\"CRUD/Preview Content\"";
				DEVELOPMENT_TEAM = RCCUBKLJRG;
				ENABLE_PREVIEWS = YES;
				GENERATE_INFOPLIST_FILE = YES;
				INFOPLIST_KEY_UIApplicationSceneManifest_Generation = YES;
				INFOPLIST_KEY_UIApplicationSupportsIndirectInputEvents = YES;
				INFOPLIST_KEY_UILaunchScreen_Generation = YES;
				INFOPLIST_KEY_UISupportedInterfaceOrientations_iPad = "UIInterfaceOrientationPortrait UIInterfaceOrientationPortraitUpsideDown UIInterfaceOrientationLandscapeLeft UIInterfaceOrientationLandscapeRight";
				INFOPLIST_KEY_UISupportedInterfaceOrientations_iPhone = "UIInterfaceOrientationPortrait UIInterfaceOrientationLandscapeLeft UIInterfaceOrientationLandscapeRight";
				LD_RUNPATH_SEARCH_PATHS = (
					"$(inherited)",
					"@executable_path/Frameworks",
				);
				MARKETING_VERSION = 1.0;
				PRODUCT_BUNDLE_IDENTIFIER = AbdulkhakimiOS.CRUD;
				PRODUCT_NAME = "$(TARGET_NAME)";
				SWIFT_EMIT_LOC_STRINGS = YES;
				SWIFT_VERSION = 5.0;
				TARGETED_DEVICE_FAMILY = "1,2";
			};
			name = Release;
		};
/* End XCBuildConfiguration section */

/* Begin XCConfigurationList section */
		C7F3E4A8276154D2009B0440 /* Build configuration list for PBXProject "CRUD" */ = {
			isa = XCConfigurationList;
			buildConfigurations = (
				C7F3E4B9276154D5009B0440 /* Debug */,
				C7F3E4BA276154D5009B0440 /* Release */,
			);
			defaultConfigurationIsVisible = 0;
			defaultConfigurationName = Release;
		};
		C7F3E4BB276154D5009B0440 /* Build configuration list for PBXNativeTarget "CRUD" */ = {
			isa = XCConfigurationList;
			buildConfigurations = (
				C7F3E4BC276154D5009B0440 /* Debug */,
				C7F3E4BD276154D5009B0440 /* Release */,
			);
			defaultConfigurationIsVisible = 0;
			defaultConfigurationName = Release;
		};
/* End XCConfigurationList section */

/* Begin XCRemoteSwiftPackageReference section */
		C7F3E4C0276155CE009B0440 /* XCRemoteSwiftPackageReference "firebase-ios-sdk" */ = {
			isa = XCRemoteSwiftPackageReference;
			repositoryURL = "https://github.com/firebase/firebase-ios-sdk.git";
			requirement = {
				branch = master;
				kind = branch;
			};
		};
/* End XCRemoteSwiftPackageReference section */

/* Begin XCSwiftPackageProductDependency section */
		C7F3E4C1276155CE009B0440 /* FirebaseFirestore */ = {
			isa = XCSwiftPackageProductDependency;
			package = C7F3E4C0276155CE009B0440 /* XCRemoteSwiftPackageReference "firebase-ios-sdk" */;
			productName = FirebaseFirestore;
		};
		C7F3E4C3276155CE009B0440 /* FirebaseFirestoreSwift-Beta */ = {
			isa = XCSwiftPackageProductDependency;
			package = C7F3E4C0276155CE009B0440 /* XCRemoteSwiftPackageReference "firebase-ios-sdk" */;
			productName = "FirebaseFirestoreSwift-Beta";
		};
/* End XCSwiftPackageProductDependency section */
	};
	rootObject = C7F3E4A5276154D2009B0440 /* Project object */;
}
